
Microsoft Visual Studio Solution File, Format Version 12.00
# Visual Studio Version 17
VisualStudioVersion = 17.7.34202.233
MinimumVisualStudioVersion = 10.0.40219.1
Project("{FAE04EC0-301F-11D3-BF4B-00C04F79EFBC}") = "practica19", "practica19.csproj", "{5529066A-CA05-4297-A671-50B80F621EC2}"
EndProject
Global
	GlobalSection(SolutionConfigurationPlatforms) = preSolution
		Debug|Any CPU = Debug|Any CPU
		Release|Any CPU = Release|Any CPU
	EndGlobalSection
	GlobalSection(ProjectConfigurationPlatforms) = postSolution
		{5529066A-CA05-4297-A671-50B80F621EC2}.Debug|Any CPU.ActiveCfg = Debug|Any CPU
		{5529066A-CA05-4297-A671-50B80F621EC2}.Debug|Any CPU.Build.0 = Debug|Any CPU
		{5529066A-CA05-4297-A671-50B80F621EC2}.Release|Any CPU.ActiveCfg = Release|Any CPU
		{5529066A-CA05-4297-A671-50B80F621EC2}.Release|Any CPU.Build.0 = Release|Any CPU
	EndGlobalSection
	GlobalSection(SolutionProperties) = preSolution
		HideSolutionNode = FALSE
	EndGlobalSection
	GlobalSection(ExtensibilityGlobals) = postSolution
		SolutionGuid = {7EA0B502-05A2-430C-AA31-F6CADB6482B8}
	EndGlobalSection
EndGlobal
